github.com/mattn/go-sqlite3 v1.14.32 h1:JD12Ag3oLy1zQA+BNn74xRgaBbdhbNIDYvQUEuuErjs=
github.com/mattn/go-sqlite3 v1.14.32/go.mod h1:Uh1q+B4BYcTPb+yiD3kU8Ct7aC0hY9fxUwlHK0RXw+Y=
github.com/pgar-hub/todo-Api v0.0.0-20250926070609-62c9ba861ef1 h1:Jm3WfxtVPThhrJOqtc3rRtDIGgQZ0sbC0ZDICTxFbrk=
github.com/pgar-hub/todo-Api v0.0.0-20250926070609-62c9ba861ef1/go.mod h1:a4MT1vCYSQ1lBLNAkxKqdWwmCi8Ktadnk9zg7r3/xWY=
